
Microsoft Visual Studio Solution File, Format Version 12.00
# Visual Studio Version 17
VisualStudioVersion = 17.6.33829.357
MinimumVisualStudioVersion = 10.0.40219.1
Project("{9A19103F-16F7-4668-BE54-9A1E7A4F7556}") = "Stage0", "Stage0\Stage0.csproj", "{66702B1C-D5B2-4D22-BC3B-1DE8F90FE881}"
EndProject
Project("{2150E333-8FDC-42A3-9474-1A3956D46DE8}") = "Solution Items", "Solution Items", "{E96E0E78-1EDB-4C7F-BC14-16C09567F282}"
	ProjectSection(SolutionItems) = preProject
		README.md = README.md
	EndProjectSection
EndProject
Project("{9A19103F-16F7-4668-BE54-9A1E7A4F7556}") = "DalFacade", "DalFacade\DalFacade.csproj", "{1D350B90-C047-43B7-A9C9-E9E0555965F3}"
EndProject
Project("{9A19103F-16F7-4668-BE54-9A1E7A4F7556}") = "DalList", "DalList\DalList.csproj", "{9537B3C2-0E6E-42F6-BC42-E5925B70B9EE}"
EndProject
Project("{9A19103F-16F7-4668-BE54-9A1E7A4F7556}") = "DalTest", "DalTest\DalTest.csproj", "{9D6E861A-21B9-4C35-A427-07B84CEBB42C}"
EndProject
Project("{9A19103F-16F7-4668-BE54-9A1E7A4F7556}") = "DalXml", "DalXml\DalXml.csproj", "{37A6314F-F7FC-4BFE-9906-B0CD10FE3116}"
EndProject
Project("{2150E333-8FDC-42A3-9474-1A3956D46DE8}") = "xml", "xml", "{AF6C0FCE-19BD-427C-B965-51F0751FAB90}"
	ProjectSection(SolutionItems) = preProject
		xml\assignments.xml = xml\assignments.xml
		xml\calls.xml = xml\calls.xml
		xml\dal-config.xml = xml\dal-config.xml
		xml\data-config.xml = xml\data-config.xml
		xml\volunteers.xml = xml\volunteers.xml
	EndProjectSection
EndProject
Project("{9A19103F-16F7-4668-BE54-9A1E7A4F7556}") = "BL", "BL\BL.csproj", "{EF8BC1C4-5117-4F55-9120-B0598A6EC3FF}"
EndProject
Project("{9A19103F-16F7-4668-BE54-9A1E7A4F7556}") = "BlTest", "BlTest\BlTest.csproj", "{9D3A83D9-F2E8-4309-AC4A-8EDD02486B20}"
EndProject
Project("{FAE04EC0-301F-11D3-BF4B-00C04F79EFBC}") = "PL", "PL\PL.csproj", "{D2A2836F-C551-6A4C-E9A2-BA95D2EEFD3D}"
EndProject
Global
	GlobalSection(SolutionConfigurationPlatforms) = preSolution
		Debug|Any CPU = Debug|Any CPU
		Release|Any CPU = Release|Any CPU
	EndGlobalSection
	GlobalSection(ProjectConfigurationPlatforms) = postSolution
		{66702B1C-D5B2-4D22-BC3B-1DE8F90FE881}.Debug|Any CPU.ActiveCfg = Debug|Any CPU
		{66702B1C-D5B2-4D22-BC3B-1DE8F90FE881}.Debug|Any CPU.Build.0 = Debug|Any CPU
		{66702B1C-D5B2-4D22-BC3B-1DE8F90FE881}.Release|Any CPU.ActiveCfg = Release|Any CPU
		{66702B1C-D5B2-4D22-BC3B-1DE8F90FE881}.Release|Any CPU.Build.0 = Release|Any CPU
		{1D350B90-C047-43B7-A9C9-E9E0555965F3}.Debug|Any CPU.ActiveCfg = Debug|Any CPU
		{1D350B90-C047-43B7-A9C9-E9E0555965F3}.Debug|Any CPU.Build.0 = Debug|Any CPU
		{1D350B90-C047-43B7-A9C9-E9E0555965F3}.Release|Any CPU.ActiveCfg = Release|Any CPU
		{1D350B90-C047-43B7-A9C9-E9E0555965F3}.Release|Any CPU.Build.0 = Release|Any CPU
		{9537B3C2-0E6E-42F6-BC42-E5925B70B9EE}.Debug|Any CPU.ActiveCfg = Debug|Any CPU
		{9537B3C2-0E6E-42F6-BC42-E5925B70B9EE}.Debug|Any CPU.Build.0 = Debug|Any CPU
		{9537B3C2-0E6E-42F6-BC42-E5925B70B9EE}.Release|Any CPU.ActiveCfg = Release|Any CPU
		{9537B3C2-0E6E-42F6-BC42-E5925B70B9EE}.Release|Any CPU.Build.0 = Release|Any CPU
		{9D6E861A-21B9-4C35-A427-07B84CEBB42C}.Debug|Any CPU.ActiveCfg = Debug|Any CPU
		{9D6E861A-21B9-4C35-A427-07B84CEBB42C}.Debug|Any CPU.Build.0 = Debug|Any CPU
		{9D6E861A-21B9-4C35-A427-07B84CEBB42C}.Release|Any CPU.ActiveCfg = Release|Any CPU
		{9D6E861A-21B9-4C35-A427-07B84CEBB42C}.Release|Any CPU.Build.0 = Release|Any CPU
		{37A6314F-F7FC-4BFE-9906-B0CD10FE3116}.Debug|Any CPU.ActiveCfg = Debug|Any CPU
		{37A6314F-F7FC-4BFE-9906-B0CD10FE3116}.Debug|Any CPU.Build.0 = Debug|Any CPU
		{37A6314F-F7FC-4BFE-9906-B0CD10FE3116}.Release|Any CPU.ActiveCfg = Release|Any CPU
		{37A6314F-F7FC-4BFE-9906-B0CD10FE3116}.Release|Any CPU.Build.0 = Release|Any CPU
		{EF8BC1C4-5117-4F55-9120-B0598A6EC3FF}.Debug|Any CPU.ActiveCfg = Debug|Any CPU
		{EF8BC1C4-5117-4F55-9120-B0598A6EC3FF}.Debug|Any CPU.Build.0 = Debug|Any CPU
		{EF8BC1C4-5117-4F55-9120-B0598A6EC3FF}.Release|Any CPU.ActiveCfg = Release|Any CPU
		{EF8BC1C4-5117-4F55-9120-B0598A6EC3FF}.Release|Any CPU.Build.0 = Release|Any CPU
		{9D3A83D9-F2E8-4309-AC4A-8EDD02486B20}.Debug|Any CPU.ActiveCfg = Debug|Any CPU
		{9D3A83D9-F2E8-4309-AC4A-8EDD02486B20}.Debug|Any CPU.Build.0 = Debug|Any CPU
		{9D3A83D9-F2E8-4309-AC4A-8EDD02486B20}.Release|Any CPU.ActiveCfg = Release|Any CPU
		{9D3A83D9-F2E8-4309-AC4A-8EDD02486B20}.Release|Any CPU.Build.0 = Release|Any CPU
		{D2A2836F-C551-6A4C-E9A2-BA95D2EEFD3D}.Debug|Any CPU.ActiveCfg = Debug|Any CPU
		{D2A2836F-C551-6A4C-E9A2-BA95D2EEFD3D}.Debug|Any CPU.Build.0 = Debug|Any CPU
		{D2A2836F-C551-6A4C-E9A2-BA95D2EEFD3D}.Release|Any CPU.ActiveCfg = Release|Any CPU
		{D2A2836F-C551-6A4C-E9A2-BA95D2EEFD3D}.Release|Any CPU.Build.0 = Release|Any CPU
	EndGlobalSection
	GlobalSection(SolutionProperties) = preSolution
		HideSolutionNode = FALSE
	EndGlobalSection
	GlobalSection(ExtensibilityGlobals) = postSolution
		SolutionGuid = {8DBB417C-1EBC-44DA-8C6A-FB11DBDC6BEF}
	EndGlobalSection
EndGlobal
